
Microsoft Visual Studio Solution File, Format Version 9.00
# Visual Studio 2005
Project("{FAE04EC0-301F-11D3-BF4B-00C04F79EFBC}") = "NoeticTools.Windows.Forms", "Windows\Forms\NoeticTools.Windows.Forms.csproj", "{C99F3467-B989-4ED8-9600-29C3CC6FEF2D}"
EndProject
Project("{FAE04EC0-301F-11D3-BF4B-00C04F79EFBC}") = "NoeticTools.PlugInService", "PlugInService\NoeticTools.PlugInService.csproj", "{72489AD7-32A6-4EA2-B133-4E45CA972C94}"
EndProject
Project("{FAE04EC0-301F-11D3-BF4B-00C04F79EFBC}") = "NoeticTools.PlugInService.Tests", "PlugInService\Tests\NoeticTools.PlugInService.Tests.csproj", "{4BB4CD77-C1F4-49BE-971C-B30CBB18E79C}"
EndProject
Project("{FAE04EC0-301F-11D3-BF4B-00C04F79EFBC}") = "NoeticTools.Html", "Html\NoeticTools.Html.csproj", "{C511E27B-F9F6-4376-8092-1B95B68BF670}"
EndProject
Project("{FAE04EC0-301F-11D3-BF4B-00C04F79EFBC}") = "NoeticTools.Html.Tests", "Html\Tests\NoeticTools.Html.Tests.csproj", "{8CB9BEC2-EA6E-471F-8BD9-77B110E9B1C1}"
EndProject
Project("{FAE04EC0-301F-11D3-BF4B-00C04F79EFBC}") = "NoeticTools.NUnit.Extensions", "NUnit.Extensions\NoeticTools.NUnit.Extensions.csproj", "{060AC4AA-2C1B-4EDF-805B-5B066DCE0572}"
EndProject
Project("{FAE04EC0-301F-11D3-BF4B-00C04F79EFBC}") = "NoeticTools.DotNetWrappers", "DotNetWrappers\NoeticTools.DotNetWrappers.csproj", "{C3508E69-CC5F-49E3-AAC4-E907DE04EC49}"
EndProject
Project("{FAE04EC0-301F-11D3-BF4B-00C04F79EFBC}") = "NoeticTools.GoogleMaps", "GoogleMaps\NoeticTools.GoogleMaps.csproj", "{99E84516-6A45-4C04-A7C3-E7958D99ED26}"
EndProject
Project("{FAE04EC0-301F-11D3-BF4B-00C04F79EFBC}") = "NoeticTools.GoogleMaps.Tests", "GoogleMaps\Tests\NoeticTools.GoogleMaps.Tests.csproj", "{3EFDDF88-C876-466B-A298-964D2822D198}"
EndProject
Project("{FAE04EC0-301F-11D3-BF4B-00C04F79EFBC}") = "NoeticTools.RSS", "RSSReader\NoeticTools.RSS.csproj", "{651022FD-65D6-42A9-94A0-CB2FD16DEB63}"
EndProject
Project("{FAE04EC0-301F-11D3-BF4B-00C04F79EFBC}") = "NoeticTools..RSS.Tests", "RSSReader\Tests\NoeticTools..RSS.Tests.csproj", "{1ED6E1F4-34E9-47A3-B1F6-06C908BDB487}"
EndProject
Global
	GlobalSection(SolutionConfigurationPlatforms) = preSolution
		Debug|Any CPU = Debug|Any CPU
		Release|Any CPU = Release|Any CPU
	EndGlobalSection
	GlobalSection(ProjectConfigurationPlatforms) = postSolution
		{C99F3467-B989-4ED8-9600-29C3CC6FEF2D}.Debug|Any CPU.ActiveCfg = Debug|Any CPU
		{C99F3467-B989-4ED8-9600-29C3CC6FEF2D}.Debug|Any CPU.Build.0 = Debug|Any CPU
		{C99F3467-B989-4ED8-9600-29C3CC6FEF2D}.Release|Any CPU.ActiveCfg = Release|Any CPU
		{C99F3467-B989-4ED8-9600-29C3CC6FEF2D}.Release|Any CPU.Build.0 = Release|Any CPU
		{72489AD7-32A6-4EA2-B133-4E45CA972C94}.Debug|Any CPU.ActiveCfg = Debug|Any CPU
		{72489AD7-32A6-4EA2-B133-4E45CA972C94}.Debug|Any CPU.Build.0 = Debug|Any CPU
		{72489AD7-32A6-4EA2-B133-4E45CA972C94}.Release|Any CPU.ActiveCfg = Release|Any CPU
		{72489AD7-32A6-4EA2-B133-4E45CA972C94}.Release|Any CPU.Build.0 = Release|Any CPU
		{4BB4CD77-C1F4-49BE-971C-B30CBB18E79C}.Debug|Any CPU.ActiveCfg = Debug|Any CPU
		{4BB4CD77-C1F4-49BE-971C-B30CBB18E79C}.Debug|Any CPU.Build.0 = Debug|Any CPU
		{4BB4CD77-C1F4-49BE-971C-B30CBB18E79C}.Release|Any CPU.ActiveCfg = Release|Any CPU
		{4BB4CD77-C1F4-49BE-971C-B30CBB18E79C}.Release|Any CPU.Build.0 = Release|Any CPU
		{C511E27B-F9F6-4376-8092-1B95B68BF670}.Debug|Any CPU.ActiveCfg = Debug|Any CPU
		{C511E27B-F9F6-4376-8092-1B95B68BF670}.Debug|Any CPU.Build.0 = Debug|Any CPU
		{C511E27B-F9F6-4376-8092-1B95B68BF670}.Release|Any CPU.ActiveCfg = Release|Any CPU
		{C511E27B-F9F6-4376-8092-1B95B68BF670}.Release|Any CPU.Build.0 = Release|Any CPU
		{8CB9BEC2-EA6E-471F-8BD9-77B110E9B1C1}.Debug|Any CPU.ActiveCfg = Debug|Any CPU
		{8CB9BEC2-EA6E-471F-8BD9-77B110E9B1C1}.Debug|Any CPU.Build.0 = Debug|Any CPU
		{8CB9BEC2-EA6E-471F-8BD9-77B110E9B1C1}.Release|Any CPU.ActiveCfg = Release|Any CPU
		{8CB9BEC2-EA6E-471F-8BD9-77B110E9B1C1}.Release|Any CPU.Build.0 = Release|Any CPU
		{060AC4AA-2C1B-4EDF-805B-5B066DCE0572}.Debug|Any CPU.ActiveCfg = Debug|Any CPU
		{060AC4AA-2C1B-4EDF-805B-5B066DCE0572}.Debug|Any CPU.Build.0 = Debug|Any CPU
		{060AC4AA-2C1B-4EDF-805B-5B066DCE0572}.Release|Any CPU.ActiveCfg = Release|Any CPU
		{060AC4AA-2C1B-4EDF-805B-5B066DCE0572}.Release|Any CPU.Build.0 = Release|Any CPU
		{C3508E69-CC5F-49E3-AAC4-E907DE04EC49}.Debug|Any CPU.ActiveCfg = Debug|Any CPU
		{C3508E69-CC5F-49E3-AAC4-E907DE04EC49}.Debug|Any CPU.Build.0 = Debug|Any CPU
		{C3508E69-CC5F-49E3-AAC4-E907DE04EC49}.Release|Any CPU.ActiveCfg = Release|Any CPU
		{C3508E69-CC5F-49E3-AAC4-E907DE04EC49}.Release|Any CPU.Build.0 = Release|Any CPU
		{99E84516-6A45-4C04-A7C3-E7958D99ED26}.Debug|Any CPU.ActiveCfg = Debug|Any CPU
		{99E84516-6A45-4C04-A7C3-E7958D99ED26}.Debug|Any CPU.Build.0 = Debug|Any CPU
		{99E84516-6A45-4C04-A7C3-E7958D99ED26}.Release|Any CPU.ActiveCfg = Release|Any CPU
		{99E84516-6A45-4C04-A7C3-E7958D99ED26}.Release|Any CPU.Build.0 = Release|Any CPU
		{3EFDDF88-C876-466B-A298-964D2822D198}.Debug|Any CPU.ActiveCfg = Debug|Any CPU
		{3EFDDF88-C876-466B-A298-964D2822D198}.Debug|Any CPU.Build.0 = Debug|Any CPU
		{3EFDDF88-C876-466B-A298-964D2822D198}.Release|Any CPU.ActiveCfg = Release|Any CPU
		{3EFDDF88-C876-466B-A298-964D2822D198}.Release|Any CPU.Build.0 = Release|Any CPU
		{651022FD-65D6-42A9-94A0-CB2FD16DEB63}.Debug|Any CPU.ActiveCfg = Debug|Any CPU
		{651022FD-65D6-42A9-94A0-CB2FD16DEB63}.Debug|Any CPU.Build.0 = Debug|Any CPU
		{651022FD-65D6-42A9-94A0-CB2FD16DEB63}.Release|Any CPU.ActiveCfg = Release|Any CPU
		{651022FD-65D6-42A9-94A0-CB2FD16DEB63}.Release|Any CPU.Build.0 = Release|Any CPU
		{1ED6E1F4-34E9-47A3-B1F6-06C908BDB487}.Debug|Any CPU.ActiveCfg = Debug|Any CPU
		{1ED6E1F4-34E9-47A3-B1F6-06C908BDB487}.Debug|Any CPU.Build.0 = Debug|Any CPU
		{1ED6E1F4-34E9-47A3-B1F6-06C908BDB487}.Release|Any CPU.ActiveCfg = Release|Any CPU
		{1ED6E1F4-34E9-47A3-B1F6-06C908BDB487}.Release|Any CPU.Build.0 = Release|Any CPU
	EndGlobalSection
	GlobalSection(SolutionProperties) = preSolution
		HideSolutionNode = FALSE
	EndGlobalSection
EndGlobal
